
Microsoft Visual Studio Solution File, Format Version 12.00
# Visual Studio Version 17
VisualStudioVersion = 17.5.33516.290
MinimumVisualStudioVersion = 10.0.40219.1
Project("{9A19103F-16F7-4668-BE54-9A1E7A4F7556}") = "csvd.UI", "csvd\csvd.UI.csproj", "{AE7943FF-31CC-4964-82EC-03701BB0A670}"
EndProject
Project("{9A19103F-16F7-4668-BE54-9A1E7A4F7556}") = "csvd.Library", "csvd.Library\csvd.Library.csproj", "{283079DC-9B6A-4D71-8A5B-0BC5BF95A8A0}"
EndProject
Global
	GlobalSection(SolutionConfigurationPlatforms) = preSolution
		Debug|Any CPU = Debug|Any CPU
		Release|Any CPU = Release|Any CPU
	EndGlobalSection
	GlobalSection(ProjectConfigurationPlatforms) = postSolution
		{AE7943FF-31CC-4964-82EC-03701BB0A670}.Debug|Any CPU.ActiveCfg = Debug|Any CPU
		{AE7943FF-31CC-4964-82EC-03701BB0A670}.Debug|Any CPU.Build.0 = Debug|Any CPU
		{AE7943FF-31CC-4964-82EC-03701BB0A670}.Release|Any CPU.ActiveCfg = Release|Any CPU
		{AE7943FF-31CC-4964-82EC-03701BB0A670}.Release|Any CPU.Build.0 = Release|Any CPU
		{283079DC-9B6A-4D71-8A5B-0BC5BF95A8A0}.Debug|Any CPU.ActiveCfg = Debug|Any CPU
		{283079DC-9B6A-4D71-8A5B-0BC5BF95A8A0}.Debug|Any CPU.Build.0 = Debug|Any CPU
		{283079DC-9B6A-4D71-8A5B-0BC5BF95A8A0}.Release|Any CPU.ActiveCfg = Release|Any CPU
		{283079DC-9B6A-4D71-8A5B-0BC5BF95A8A0}.Release|Any CPU.Build.0 = Release|Any CPU
	EndGlobalSection
	GlobalSection(SolutionProperties) = preSolution
		HideSolutionNode = FALSE
	EndGlobalSection
	GlobalSection(ExtensibilityGlobals) = postSolution
		SolutionGuid = {43115911-70A5-47AE-9CA2-DD7A8008DCEF}
	EndGlobalSection
EndGlobal
