
Microsoft Visual Studio Solution File, Format Version 12.00
# Visual Studio Version 17
VisualStudioVersion = 17.5.33516.290
MinimumVisualStudioVersion = 10.0.40219.1
Project("{9A19103F-16F7-4668-BE54-9A1E7A4F7556}") = "csvd.UI", "csvd\csvd.UI.csproj", "{3F16F276-5CCB-429D-AECF-519E900B6439}"
EndProject
Project("{FAE04EC0-301F-11D3-BF4B-00C04F79EFBC}") = "csvd.Library", "csvd.Library\csvd.Library.csproj", "{12DE3F98-D4A9-4D5A-B708-DB4DCA4AB721}"
EndProject
Global
	GlobalSection(SolutionConfigurationPlatforms) = preSolution
		Debug|Any CPU = Debug|Any CPU
		Release|Any CPU = Release|Any CPU
	EndGlobalSection
	GlobalSection(ProjectConfigurationPlatforms) = postSolution
		{3F16F276-5CCB-429D-AECF-519E900B6439}.Debug|Any CPU.ActiveCfg = Debug|Any CPU
		{3F16F276-5CCB-429D-AECF-519E900B6439}.Debug|Any CPU.Build.0 = Debug|Any CPU
		{3F16F276-5CCB-429D-AECF-519E900B6439}.Release|Any CPU.ActiveCfg = Release|Any CPU
		{3F16F276-5CCB-429D-AECF-519E900B6439}.Release|Any CPU.Build.0 = Release|Any CPU
		{12DE3F98-D4A9-4D5A-B708-DB4DCA4AB721}.Debug|Any CPU.ActiveCfg = Debug|Any CPU
		{12DE3F98-D4A9-4D5A-B708-DB4DCA4AB721}.Debug|Any CPU.Build.0 = Debug|Any CPU
		{12DE3F98-D4A9-4D5A-B708-DB4DCA4AB721}.Release|Any CPU.ActiveCfg = Release|Any CPU
		{12DE3F98-D4A9-4D5A-B708-DB4DCA4AB721}.Release|Any CPU.Build.0 = Release|Any CPU
	EndGlobalSection
	GlobalSection(SolutionProperties) = preSolution
		HideSolutionNode = FALSE
	EndGlobalSection
	GlobalSection(ExtensibilityGlobals) = postSolution
		SolutionGuid = {43115911-70A5-47AE-9CA2-DD7A8008DCEF}
	EndGlobalSection
EndGlobal
